
Microsoft Visual Studio Solution File, Format Version 12.00
# Visual Studio Version 17
VisualStudioVersion = 17.11.35222.181
MinimumVisualStudioVersion = 10.0.40219.1
Project("{9A19103F-16F7-4668-BE54-9A1E7A4F7556}") = "MD1", "MD1.csproj", "{20322CFE-2878-4E62-B9D0-4AF29A7320E3}"
EndProject
Project("{FAE04EC0-301F-11D3-BF4B-00C04F79EFBC}") = "MD2", "..\MD2\MD2.csproj", "{33A1E37C-CB08-4F4F-BEF1-EB0623E86F48}"
EndProject
Project("{FAE04EC0-301F-11D3-BF4B-00C04F79EFBC}") = "MD4", "..\MD4\MD4.csproj", "{414D997C-82EB-44B6-AB1E-7509AC37106C}"
EndProject
Global
	GlobalSection(SolutionConfigurationPlatforms) = preSolution
		Debug|Any CPU = Debug|Any CPU
		Release|Any CPU = Release|Any CPU
	EndGlobalSection
	GlobalSection(ProjectConfigurationPlatforms) = postSolution
		{20322CFE-2878-4E62-B9D0-4AF29A7320E3}.Debug|Any CPU.ActiveCfg = Debug|Any CPU
		{20322CFE-2878-4E62-B9D0-4AF29A7320E3}.Debug|Any CPU.Build.0 = Debug|Any CPU
		{20322CFE-2878-4E62-B9D0-4AF29A7320E3}.Release|Any CPU.ActiveCfg = Release|Any CPU
		{20322CFE-2878-4E62-B9D0-4AF29A7320E3}.Release|Any CPU.Build.0 = Release|Any CPU
		{33A1E37C-CB08-4F4F-BEF1-EB0623E86F48}.Debug|Any CPU.ActiveCfg = Debug|Any CPU
		{33A1E37C-CB08-4F4F-BEF1-EB0623E86F48}.Debug|Any CPU.Build.0 = Debug|Any CPU
		{33A1E37C-CB08-4F4F-BEF1-EB0623E86F48}.Debug|Any CPU.Deploy.0 = Debug|Any CPU
		{33A1E37C-CB08-4F4F-BEF1-EB0623E86F48}.Release|Any CPU.ActiveCfg = Release|Any CPU
		{33A1E37C-CB08-4F4F-BEF1-EB0623E86F48}.Release|Any CPU.Build.0 = Release|Any CPU
		{33A1E37C-CB08-4F4F-BEF1-EB0623E86F48}.Release|Any CPU.Deploy.0 = Release|Any CPU
		{414D997C-82EB-44B6-AB1E-7509AC37106C}.Debug|Any CPU.ActiveCfg = Debug|Any CPU
		{414D997C-82EB-44B6-AB1E-7509AC37106C}.Debug|Any CPU.Build.0 = Debug|Any CPU
		{414D997C-82EB-44B6-AB1E-7509AC37106C}.Release|Any CPU.ActiveCfg = Release|Any CPU
		{414D997C-82EB-44B6-AB1E-7509AC37106C}.Release|Any CPU.Build.0 = Release|Any CPU
	EndGlobalSection
	GlobalSection(SolutionProperties) = preSolution
		HideSolutionNode = FALSE
	EndGlobalSection
	GlobalSection(ExtensibilityGlobals) = postSolution
		SolutionGuid = {B41E5817-395D-41E3-8206-CF339256D207}
	EndGlobalSection
EndGlobal
